// !$*UTF8*$!
{
	archiveVersion = 1;
	classes = {
	};
	objectVersion = 50;
	objects = {

/* Begin PBXBuildFile section */
		07FFCD2C22107A4800091550 /* AppDelegate.swift in Sources */ = {isa = PBXBuildFile; fileRef = 07FFCD2B22107A4800091550 /* AppDelegate.swift */; };
		07FFCD2E22107A4800091550 /* ViewController.swift in Sources */ = {isa = PBXBuildFile; fileRef = 07FFCD2D22107A4800091550 /* ViewController.swift */; };
		07FFCD3122107A4800091550 /* Main.storyboard in Resources */ = {isa = PBXBuildFile; fileRef = 07FFCD2F22107A4800091550 /* Main.storyboard */; };
		07FFCD3322107A4A00091550 /* Assets.xcassets in Resources */ = {isa = PBXBuildFile; fileRef = 07FFCD3222107A4A00091550 /* Assets.xcassets */; };
		07FFCD3622107A4A00091550 /* LaunchScreen.storyboard in Resources */ = {isa = PBXBuildFile; fileRef = 07FFCD3422107A4A00091550 /* LaunchScreen.storyboard */; };
		07FFCD3E22107A6600091550 /* FlowerClassifier.mlmodel in Sources */ = {isa = PBXBuildFile; fileRef = 07FFCD3D22107A6600091550 /* FlowerClassifier.mlmodel */; };
		19D0B2AEF4A3016B52A88A3C /* Pods_Botanist.framework in Frameworks */ = {isa = PBXBuildFile; fileRef = ACD802AA5485A22B2C6884DB /* Pods_Botanist.framework */; };
/* End PBXBuildFile section */

/* Begin PBXFileReference section */
		07FFCD2822107A4800091550 /* Botanist.app */ = {isa = PBXFileReference; explicitFileType = wrapper.application; includeInIndex = 0; path = Botanist.app; sourceTree = BUILT_PRODUCTS_DIR; };
		07FFCD2B22107A4800091550 /* AppDelegate.swift */ = {isa = PBXFileReference; lastKnownFileType = sourcecode.swift; path = AppDelegate.swift; sourceTree = "<group>"; };
		07FFCD2D22107A4800091550 /* ViewController.swift */ = {isa = PBXFileReference; lastKnownFileType = sourcecode.swift; path = ViewController.swift; sourceTree = "<group>"; };
		07FFCD3022107A4800091550 /* Base */ = {isa = PBXFileReference; lastKnownFileType = file.storyboard; name = Base; path = Base.lproj/Main.storyboard; sourceTree = "<group>"; };
		07FFCD3222107A4A00091550 /* Assets.xcassets */ = {isa = PBXFileReference; lastKnownFileType = folder.assetcatalog; path = Assets.xcassets; sourceTree = "<group>"; };
		07FFCD3522107A4A00091550 /* Base */ = {isa = PBXFileReference; lastKnownFileType = file.storyboard; name = Base; path = Base.lproj/LaunchScreen.storyboard; sourceTree = "<group>"; };
		07FFCD3722107A4A00091550 /* Info.plist */ = {isa = PBXFileReference; lastKnownFileType = text.plist.xml; path = Info.plist; sourceTree = "<group>"; };
		07FFCD3D22107A6600091550 /* FlowerClassifier.mlmodel */ = {isa = PBXFileReference; lastKnownFileType = file.mlmodel; path = FlowerClassifier.mlmodel; sourceTree = "<group>"; };
		ACD802AA5485A22B2C6884DB /* Pods_Botanist.framework */ = {isa = PBXFileReference; explicitFileType = wrapper.framework; includeInIndex = 0; path = Pods_Botanist.framework; sourceTree = BUILT_PRODUCTS_DIR; };
		AE5502AF5E4CF9800C203A01 /* Pods-Botanist.release.xcconfig */ = {isa = PBXFileReference; includeInIndex = 1; lastKnownFileType = text.xcconfig; name = "Pods-Botanist.release.xcconfig"; path = "Pods/Target Support Files/Pods-Botanist/Pods-Botanist.release.xcconfig"; sourceTree = "<group>"; };
		B8543CAEB09AB78707543EF1 /* Pods-Botanist.debug.xcconfig */ = {isa = PBXFileReference; includeInIndex = 1; lastKnownFileType = text.xcconfig; name = "Pods-Botanist.debug.xcconfig"; path = "Pods/Target Support Files/Pods-Botanist/Pods-Botanist.debug.xcconfig"; sourceTree = "<group>"; };
/* End PBXFileReference section */

/* Begin PBXFrameworksBuildPhase section */
		07FFCD2522107A4800091550 /* Frameworks */ = {
			isa = PBXFrameworksBuildPhase;
			buildActionMask = 2147483647;
			files = (
				19D0B2AEF4A3016B52A88A3C /* Pods_Botanist.framework in Frameworks */,
			);
			runOnlyForDeploymentPostprocessing = 0;
		};
/* End PBXFrameworksBuildPhase section */

/* Begin PBXGroup section */
		07FFCD1F22107A4800091550 = {
			isa = PBXGroup;
			children = (
				07FFCD2A22107A4800091550 /* Botanist */,
				07FFCD2922107A4800091550 /* Products */,
				AF0CC45E260EA335983224EF /* Pods */,
				D9560EE9417824FBEB964590 /* Frameworks */,
			);
			sourceTree = "<group>";
		};
		07FFCD2922107A4800091550 /* Products */ = {
			isa = PBXGroup;
			children = (
				07FFCD2822107A4800091550 /* Botanist.app */,
			);
			name = Products;
			sourceTree = "<group>";
		};
		07FFCD2A22107A4800091550 /* Botanist */ = {
			isa = PBXGroup;
			children = (
				07FFCD2B22107A4800091550 /* AppDelegate.swift */,
				07FFCD2D22107A4800091550 /* ViewController.swift */,
				07FFCD2F22107A4800091550 /* Main.storyboard */,
				07FFCD3222107A4A00091550 /* Assets.xcassets */,
				07FFCD3422107A4A00091550 /* LaunchScreen.storyboard */,
				07FFCD3722107A4A00091550 /* Info.plist */,
				07FFCD3D22107A6600091550 /* FlowerClassifier.mlmodel */,
			);
			path = Botanist;
			sourceTree = "<group>";
		};
		AF0CC45E260EA335983224EF /* Pods */ = {
			isa = PBXGroup;
			children = (
				B8543CAEB09AB78707543EF1 /* Pods-Botanist.debug.xcconfig */,
				AE5502AF5E4CF9800C203A01 /* Pods-Botanist.release.xcconfig */,
			);
			name = Pods;
			sourceTree = "<group>";
		};
		D9560EE9417824FBEB964590 /* Frameworks */ = {
			isa = PBXGroup;
			children = (
				ACD802AA5485A22B2C6884DB /* Pods_Botanist.framework */,
			);
			name = Frameworks;
			sourceTree = "<group>";
		};
/* End PBXGroup section */

/* Begin PBXNativeTarget section */
		07FFCD2722107A4800091550 /* Botanist */ = {
			isa = PBXNativeTarget;
			buildConfigurationList = 07FFCD3A22107A4A00091550 /* Build configuration list for PBXNativeTarget "Botanist" */;
			buildPhases = (
				F79F33EBBE74BBBBDF6C31DD /* [CP] Check Pods Manifest.lock */,
				07FFCD2422107A4800091550 /* Sources */,
				07FFCD2522107A4800091550 /* Frameworks */,
				07FFCD2622107A4800091550 /* Resources */,
				DF5A4080CCE0A90DFED7919C /* [CP] Embed Pods Frameworks */,
			);
			buildRules = (
			);
			dependencies = (
			);
			name = Botanist;
			productName = Botanist;
			productReference = 07FFCD2822107A4800091550 /* Botanist.app */;
			productType = "com.apple.product-type.application";
		};
/* End PBXNativeTarget section */

/* Begin PBXProject section */
		07FFCD2022107A4800091550 /* Project object */ = {
			isa = PBXProject;
			attributes = {
				LastSwiftUpdateCheck = 1010;
				LastUpgradeCheck = 1010;
				ORGANIZATIONNAME = "Aymeric SCHERRER";
				TargetAttributes = {
					07FFCD2722107A4800091550 = {
						CreatedOnToolsVersion = 10.1;
					};
				};
			};
			buildConfigurationList = 07FFCD2322107A4800091550 /* Build configuration list for PBXProject "Botanist" */;
			compatibilityVersion = "Xcode 9.3";
			developmentRegion = en;
			hasScannedForEncodings = 0;
			knownRegions = (
				en,
				Base,
			);
			mainGroup = 07FFCD1F22107A4800091550;
			productRefGroup = 07FFCD2922107A4800091550 /* Products */;
			projectDirPath = "";
			projectRoot = "";
			targets = (
				07FFCD2722107A4800091550 /* Botanist */,
			);
		};
/* End PBXProject section */

/* Begin PBXResourcesBuildPhase section */
		07FFCD2622107A4800091550 /* Resources */ = {
			isa = PBXResourcesBuildPhase;
			buildActionMask = 2147483647;
			files = (
				07FFCD3622107A4A00091550 /* LaunchScreen.storyboard in Resources */,
				07FFCD3322107A4A00091550 /* Assets.xcassets in Resources */,
				07FFCD3122107A4800091550 /* Main.storyboard in Resources */,
			);
			runOnlyForDeploymentPostprocessing = 0;
		};
/* End PBXResourcesBuildPhase section */

/* Begin PBXShellScriptBuildPhase section */
		DF5A4080CCE0A90DFED7919C /* [CP] Embed Pods Frameworks */ = {
			isa = PBXShellScriptBuildPhase;
			buildActionMask = 2147483647;
			files = (
			);
			inputFileListPaths = (
			);
			inputPaths = (
				"${SRCROOT}/Pods/Target Support Files/Pods-Botanist/Pods-Botanist-frameworks.sh",
				"${BUILT_PRODUCTS_DIR}/Alamofire/Alamofire.framework",
				"${BUILT_PRODUCTS_DIR}/SDWebImage/SDWebImage.framework",
				"${BUILT_PRODUCTS_DIR}/SwiftyJSON/SwiftyJSON.framework",
			);
			name = "[CP] Embed Pods Frameworks";
			outputFileListPaths = (
			);
			outputPaths = (
				"${TARGET_BUILD_DIR}/${FRAMEWORKS_FOLDER_PATH}/Alamofire.framework",
				"${TARGET_BUILD_DIR}/${FRAMEWORKS_FOLDER_PATH}/SDWebImage.framework",
				"${TARGET_BUILD_DIR}/${FRAMEWORKS_FOLDER_PATH}/SwiftyJSON.framework",
			);
			runOnlyForDeploymentPostprocessing = 0;
			shellPath = /bin/sh;
			shellScript = "\"${SRCROOT}/Pods/Target Support Files/Pods-Botanist/Pods-Botanist-frameworks.sh\"\n";
			showEnvVarsInLog = 0;
		};
		F79F33EBBE74BBBBDF6C31DD /* [CP] Check Pods Manifest.lock */ = {
			isa = PBXShellScriptBuildPhase;
			buildActionMask = 2147483647;
			files = (
			);
			inputFileListPaths = (
			);
			inputPaths = (
				"${PODS_PODFILE_DIR_PATH}/Podfile.lock",
				"${PODS_ROOT}/Manifest.lock",
			);
			name = "[CP] Check Pods Manifest.lock";
			outputFileListPaths = (
			);
			outputPaths = (
				"$(DERIVED_FILE_DIR)/Pods-Botanist-checkManifestLockResult.txt",
			);
			runOnlyForDeploymentPostprocessing = 0;
			shellPath = /bin/sh;
			shellScript = "diff \"${PODS_PODFILE_DIR_PATH}/Podfile.lock\" \"${PODS_ROOT}/Manifest.lock\" > /dev/null\nif [ $? != 0 ] ; then\n    # print error to STDERR\n    echo \"error: The sandbox is not in sync with the Podfile.lock. Run 'pod install' or update your CocoaPods installation.\" >&2\n    exit 1\nfi\n# This output is used by Xcode 'outputs' to avoid re-running this script phase.\necho \"SUCCESS\" > \"${SCRIPT_OUTPUT_FILE_0}\"\n";
			showEnvVarsInLog = 0;
		};
/* End PBXShellScriptBuildPhase section */

/* Begin PBXSourcesBuildPhase section */
		07FFCD2422107A4800091550 /* Sources */ = {
			isa = PBXSourcesBuildPhase;
			buildActionMask = 2147483647;
			files = (
				07FFCD3E22107A6600091550 /* FlowerClassifier.mlmodel in Sources */,
				07FFCD2E22107A4800091550 /* ViewController.swift in Sources */,
				07FFCD2C22107A4800091550 /* AppDelegate.swift in Sources */,
			);
			runOnlyForDeploymentPostprocessing = 0;
		};
/* End PBXSourcesBuildPhase section */

/* Begin PBXVariantGroup section */
		07FFCD2F22107A4800091550 /* Main.storyboard */ = {
			isa = PBXVariantGroup;
			children = (
				07FFCD3022107A4800091550 /* Base */,
			);
			name = Main.storyboard;
			sourceTree = "<group>";
		};
		07FFCD3422107A4A00091550 /* LaunchScreen.storyboard */ = {
			isa = PBXVariantGroup;
			children = (
				07FFCD3522107A4A00091550 /* Base */,
			);
			name = LaunchScreen.storyboard;
			sourceTree = "<group>";
		};
/* End PBXVariantGroup section */

/* Begin XCBuildConfiguration section */
		07FFCD3822107A4A00091550 /* Debug */ = {
			isa = XCBuildConfiguration;
			buildSettings = {
				ALWAYS_SEARCH_USER_PATHS = NO;
				CLANG_ANALYZER_NONNULL = YES;
				CLANG_ANALYZER_NUMBER_OBJECT_CONVERSION = YES_AGGRESSIVE;
				CLANG_CXX_LANGUAGE_STANDARD = "gnu++14";
				CLANG_CXX_LIBRARY = "libc++";
				CLANG_ENABLE_MODULES = YES;
				CLANG_ENABLE_OBJC_ARC = YES;
				CLANG_ENABLE_OBJC_WEAK = YES;
				CLANG_WARN_BLOCK_CAPTURE_AUTORELEASING = YES;
				CLANG_WARN_BOOL_CONVERSION = YES;
				CLANG_WARN_COMMA = YES;
				CLANG_WARN_CONSTANT_CONVERSION = YES;
				CLANG_WARN_DEPRECATED_OBJC_IMPLEMENTATIONS = YES;
				CLANG_WARN_DIRECT_OBJC_ISA_USAGE = YES_ERROR;
				CLANG_WARN_DOCUMENTATION_COMMENTS = YES;
				CLANG_WARN_EMPTY_BODY = YES;
				CLANG_WARN_ENUM_CONVERSION = YES;
				CLANG_WARN_INFINITE_RECURSION = YES;
				CLANG_WARN_INT_CONVERSION = YES;
				CLANG_WARN_NON_LITERAL_NULL_CONVERSION = YES;
				CLANG_WARN_OBJC_IMPLICIT_RETAIN_SELF = YES;
				CLANG_WARN_OBJC_LITERAL_CONVERSION = YES;
				CLANG_WARN_OBJC_ROOT_CLASS = YES_ERROR;
				CLANG_WARN_RANGE_LOOP_ANALYSIS = YES;
				CLANG_WARN_STRICT_PROTOTYPES = YES;
				CLANG_WARN_SUSPICIOUS_MOVE = YES;
				CLANG_WARN_UNGUARDED_AVAILABILITY = YES_AGGRESSIVE;
				CLANG_WARN_UNREACHABLE_CODE = YES;
				CLANG_WARN__DUPLICATE_METHOD_MATCH = YES;
				CODE_SIGN_IDENTITY = "iPhone Developer";
				COPY_PHASE_STRIP = NO;
				DEBUG_INFORMATION_FORMAT = dwarf;
				ENABLE_STRICT_OBJC_MSGSEND = YES;
				ENABLE_TESTABILITY = YES;
				GCC_C_LANGUAGE_STANDARD = gnu11;
				GCC_DYNAMIC_NO_PIC = NO;
				GCC_NO_COMMON_BLOCKS = YES;
				GCC_OPTIMIZATION_LEVEL = 0;
				GCC_PREPROCESSOR_DEFINITIONS = (
					"DEBUG=1",
					"$(inherited)",
				);
				GCC_WARN_64_TO_32_BIT_CONVERSION = YES;
				GCC_WARN_ABOUT_RETURN_TYPE = YES_ERROR;
				GCC_WARN_UNDECLARED_SELECTOR = YES;
				GCC_WARN_UNINITIALIZED_AUTOS = YES_AGGRESSIVE;
				GCC_WARN_UNUSED_FUNCTION = YES;
				GCC_WARN_UNUSED_VARIABLE = YES;
				IPHONEOS_DEPLOYMENT_TARGET = 12.1;
				MTL_ENABLE_DEBUG_INFO = INCLUDE_SOURCE;
				MTL_FAST_MATH = YES;
				ONLY_ACTIVE_ARCH = YES;
				SDKROOT = iphoneos;
				SWIFT_ACTIVE_COMPILATION_CONDITIONS = DEBUG;
				SWIFT_OPTIMIZATION_LEVEL = "-Onone";
			};
			name = Debug;
		};
		07FFCD3922107A4A00091550 /* Release */ = {
			isa = XCBuildConfiguration;
			buildSettings = {
				ALWAYS_SEARCH_USER_PATHS = NO;
				CLANG_ANALYZER_NONNULL = YES;
				CLANG_ANALYZER_NUMBER_OBJECT_CONVERSION = YES_AGGRESSIVE;
				CLANG_CXX_LANGUAGE_STANDARD = "gnu++14";
				CLANG_CXX_LIBRARY = "libc++";
				CLANG_ENABLE_MODULES = YES;
				CLANG_ENABLE_OBJC_ARC = YES;
				CLANG_ENABLE_OBJC_WEAK = YES;
				CLANG_WARN_BLOCK_CAPTURE_AUTORELEASING = YES;
				CLANG_WARN_BOOL_CONVERSION = YES;
				CLANG_WARN_COMMA = YES;
				CLANG_WARN_CONSTANT_CONVERSION = YES;
				CLANG_WARN_DEPRECATED_OBJC_IMPLEMENTATIONS = YES;
				CLANG_WARN_DIRECT_OBJC_ISA_USAGE = YES_ERROR;
				CLANG_WARN_DOCUMENTATION_COMMENTS = YES;
				CLANG_WARN_EMPTY_BODY = YES;
				CLANG_WARN_ENUM_CONVERSION = YES;
				CLANG_WARN_INFINITE_RECURSION = YES;
				CLANG_WARN_INT_CONVERSION = YES;
				CLANG_WARN_NON_LITERAL_NULL_CONVERSION = YES;
				CLANG_WARN_OBJC_IMPLICIT_RETAIN_SELF = YES;
				CLANG_WARN_OBJC_LITERAL_CONVERSION = YES;
				CLANG_WARN_OBJC_ROOT_CLASS = YES_ERROR;
				CLANG_WARN_RANGE_LOOP_ANALYSIS = YES;
				CLANG_WARN_STRICT_PROTOTYPES = YES;
				CLANG_WARN_SUSPICIOUS_MOVE = YES;
				CLANG_WARN_UNGUARDED_AVAILABILITY = YES_AGGRESSIVE;
				CLANG_WARN_UNREACHABLE_CODE = YES;
				CLANG_WARN__DUPLICATE_METHOD_MATCH = YES;
				CODE_SIGN_IDENTITY = "iPhone Developer";
				COPY_PHASE_STRIP = NO;
				DEBUG_INFORMATION_FORMAT = "dwarf-with-dsym";
				ENABLE_NS_ASSERTIONS = NO;
				ENABLE_STRICT_OBJC_MSGSEND = YES;
				GCC_C_LANGUAGE_STANDARD = gnu11;
				GCC_NO_COMMON_BLOCKS = YES;
				GCC_WARN_64_TO_32_BIT_CONVERSION = YES;
				GCC_WARN_ABOUT_RETURN_TYPE = YES_ERROR;
				GCC_WARN_UNDECLARED_SELECTOR = YES;
				GCC_WARN_UNINITIALIZED_AUTOS = YES_AGGRESSIVE;
				GCC_WARN_UNUSED_FUNCTION = YES;
				GCC_WARN_UNUSED_VARIABLE = YES;
				IPHONEOS_DEPLOYMENT_TARGET = 12.1;
				MTL_ENABLE_DEBUG_INFO = NO;
				MTL_FAST_MATH = YES;
				SDKROOT = iphoneos;
				SWIFT_COMPILATION_MODE = wholemodule;
				SWIFT_OPTIMIZATION_LEVEL = "-O";
				VALIDATE_PRODUCT = YES;
			};
			name = Release;
		};
		07FFCD3B22107A4A00091550 /* Debug */ = {
			isa = XCBuildConfiguration;
			baseConfigurationReference = B8543CAEB09AB78707543EF1 /* Pods-Botanist.debug.xcconfig */;
			buildSettings = {
				ASSETCATALOG_COMPILER_APPICON_NAME = AppIcon;
				CODE_SIGN_STYLE = Automatic;
				DEVELOPMENT_TEAM = J9N89C4C2T;
				INFOPLIST_FILE = Botanist/Info.plist;
				LD_RUNPATH_SEARCH_PATHS = (
					"$(inherited)",
					"@executable_path/Frameworks",
				);
				PRODUCT_BUNDLE_IDENTIFIER = com.aymerics.Botanist;
				PRODUCT_NAME = "$(TARGET_NAME)";
				SWIFT_VERSION = 4.2;
				TARGETED_DEVICE_FAMILY = "1,2";
			};
			name = Debug;
		};
		07FFCD3C22107A4A00091550 /* Release */ = {
			isa = XCBuildConfiguration;
			baseConfigurationReference = AE5502AF5E4CF9800C203A01 /* Pods-Botanist.release.xcconfig */;
			buildSettings = {
				ASSETCATALOG_COMPILER_APPICON_NAME = AppIcon;
				CODE_SIGN_STYLE = Automatic;
				DEVELOPMENT_TEAM = J9N89C4C2T;
				INFOPLIST_FILE = Botanist/Info.plist;
				LD_RUNPATH_SEARCH_PATHS = (
					"$(inherited)",
					"@executable_path/Frameworks",
				);
				PRODUCT_BUNDLE_IDENTIFIER = com.aymerics.Botanist;
				PRODUCT_NAME = "$(TARGET_NAME)";
				SWIFT_VERSION = 4.2;
				TARGETED_DEVICE_FAMILY = "1,2";
			};
			name = Release;
		};
/* End XCBuildConfiguration section */

/* Begin XCConfigurationList section */
		07FFCD2322107A4800091550 /* Build configuration list for PBXProject "Botanist" */ = {
			isa = XCConfigurationList;
			buildConfigurations = (
				07FFCD3822107A4A00091550 /* Debug */,
				07FFCD3922107A4A00091550 /* Release */,
			);
			defaultConfigurationIsVisible = 0;
			defaultConfigurationName = Release;
		};
		07FFCD3A22107A4A00091550 /* Build configuration list for PBXNativeTarget "Botanist" */ = {
			isa = XCConfigurationList;
			buildConfigurations = (
				07FFCD3B22107A4A00091550 /* Debug */,
				07FFCD3C22107A4A00091550 /* Release */,
			);
			defaultConfigurationIsVisible = 0;
			defaultConfigurationName = Release;
		};
/* End XCConfigurationList section */
	};
	rootObject = 07FFCD2022107A4800091550 /* Project object */;
}
